// !$*UTF8*$!
{
	archiveVersion = 1;
	classes = {
	};
	objectVersion = 50;
	objects = {

/* Begin PBXBuildFile section */
		A818ED42237E2D9D005D0D06 /* LICENSE in Resources */ = {isa = PBXBuildFile; fileRef = A818ED3F237E2D9D005D0D06 /* LICENSE */; };
		A818ED43237E2D9D005D0D06 /* Mimic.podspec in Resources */ = {isa = PBXBuildFile; fileRef = A818ED40237E2D9D005D0D06 /* Mimic.podspec */; };
		A818ED44237E2D9D005D0D06 /* README.md in Resources */ = {isa = PBXBuildFile; fileRef = A818ED41237E2D9D005D0D06 /* README.md */; };
		A8361A5D23DB3FFA00522C7E /* MimicTests.swift in Sources */ = {isa = PBXBuildFile; fileRef = A8361A5C23DB3FFA00522C7E /* MimicTests.swift */; };
		A85BC1B1237E2726001FFA1A /* Mimic.framework in Frameworks */ = {isa = PBXBuildFile; fileRef = A85BC1A7237E2725001FFA1A /* Mimic.framework */; };
		A85BC1B8237E2726001FFA1A /* Mimic.h in Headers */ = {isa = PBXBuildFile; fileRef = A85BC1AA237E2725001FFA1A /* Mimic.h */; settings = {ATTRIBUTES = (Public, ); }; };
		A85BC1C8237E276D001FFA1A /* Mimic.swift in Sources */ = {isa = PBXBuildFile; fileRef = A85BC1C1237E276C001FFA1A /* Mimic.swift */; };
		A85BC1C9237E276D001FFA1A /* MimicProtocol.swift in Sources */ = {isa = PBXBuildFile; fileRef = A85BC1C2237E276D001FFA1A /* MimicProtocol.swift */; };
		A85BC1CA237E276D001FFA1A /* URLSessionConfiguration+Mimic.swift in Sources */ = {isa = PBXBuildFile; fileRef = A85BC1C3237E276D001FFA1A /* URLSessionConfiguration+Mimic.swift */; };
		A85BC1CB237E276D001FFA1A /* MimicObject.swift in Sources */ = {isa = PBXBuildFile; fileRef = A85BC1C4237E276D001FFA1A /* MimicObject.swift */; };
		A85BC1CC237E276D001FFA1A /* MimicContent.swift in Sources */ = {isa = PBXBuildFile; fileRef = A85BC1C5237E276D001FFA1A /* MimicContent.swift */; };
		A85BC1CD237E276D001FFA1A /* MimicHTTPMethod.swift in Sources */ = {isa = PBXBuildFile; fileRef = A85BC1C6237E276D001FFA1A /* MimicHTTPMethod.swift */; };
		A85BC1CE237E276D001FFA1A /* MimicResponseType.swift in Sources */ = {isa = PBXBuildFile; fileRef = A85BC1C7237E276D001FFA1A /* MimicResponseType.swift */; };
		A85BC1D7237E277A001FFA1A /* MimicURLConfigurationTests.swift in Sources */ = {isa = PBXBuildFile; fileRef = A85BC1CF237E277A001FFA1A /* MimicURLConfigurationTests.swift */; };
		A85BC1D8237E277A001FFA1A /* MimicProtocolTests.swift in Sources */ = {isa = PBXBuildFile; fileRef = A85BC1D0237E277A001FFA1A /* MimicProtocolTests.swift */; };
		A85BC1DA237E277A001FFA1A /* MimicContentTests.swift in Sources */ = {isa = PBXBuildFile; fileRef = A85BC1D2237E277A001FFA1A /* MimicContentTests.swift */; };
		A85BC1DB237E277A001FFA1A /* MimicWildCardTests.swift in Sources */ = {isa = PBXBuildFile; fileRef = A85BC1D3237E277A001FFA1A /* MimicWildCardTests.swift */; };
		A85BC1DC237E277A001FFA1A /* MimicObjectTests.swift in Sources */ = {isa = PBXBuildFile; fileRef = A85BC1D4237E277A001FFA1A /* MimicObjectTests.swift */; };
		A85BC1DD237E277A001FFA1A /* MimicHTTPMethodTests.swift in Sources */ = {isa = PBXBuildFile; fileRef = A85BC1D5237E277A001FFA1A /* MimicHTTPMethodTests.swift */; };
		A85BC1DE237E277A001FFA1A /* MimicsRandomizeTests.swift in Sources */ = {isa = PBXBuildFile; fileRef = A85BC1D6237E277A001FFA1A /* MimicsRandomizeTests.swift */; };
/* End PBXBuildFile section */

/* Begin PBXContainerItemProxy section */
		A85BC1B2237E2726001FFA1A /* PBXContainerItemProxy */ = {
			isa = PBXContainerItemProxy;
			containerPortal = A85BC19E237E2725001FFA1A /* Project object */;
			proxyType = 1;
			remoteGlobalIDString = A85BC1A6237E2725001FFA1A;
			remoteInfo = Mimic;
		};
/* End PBXContainerItemProxy section */

/* Begin PBXFileReference section */
		A818ED3F237E2D9D005D0D06 /* LICENSE */ = {isa = PBXFileReference; fileEncoding = 4; lastKnownFileType = text; path = LICENSE; sourceTree = "<group>"; };
		A818ED40237E2D9D005D0D06 /* Mimic.podspec */ = {isa = PBXFileReference; fileEncoding = 4; lastKnownFileType = text; path = Mimic.podspec; sourceTree = "<group>"; };
		A818ED41237E2D9D005D0D06 /* README.md */ = {isa = PBXFileReference; fileEncoding = 4; lastKnownFileType = net.daringfireball.markdown; path = README.md; sourceTree = "<group>"; };
		A8361A5C23DB3FFA00522C7E /* MimicTests.swift */ = {isa = PBXFileReference; lastKnownFileType = sourcecode.swift; path = MimicTests.swift; sourceTree = "<group>"; };
		A85BC1A7237E2725001FFA1A /* Mimic.framework */ = {isa = PBXFileReference; explicitFileType = wrapper.framework; includeInIndex = 0; path = Mimic.framework; sourceTree = BUILT_PRODUCTS_DIR; };
		A85BC1AA237E2725001FFA1A /* Mimic.h */ = {isa = PBXFileReference; lastKnownFileType = sourcecode.c.h; path = Mimic.h; sourceTree = "<group>"; };
		A85BC1AB237E2725001FFA1A /* Info.plist */ = {isa = PBXFileReference; lastKnownFileType = text.plist.xml; path = Info.plist; sourceTree = "<group>"; };
		A85BC1B0237E2726001FFA1A /* MimicTests.xctest */ = {isa = PBXFileReference; explicitFileType = wrapper.cfbundle; includeInIndex = 0; path = MimicTests.xctest; sourceTree = BUILT_PRODUCTS_DIR; };
		A85BC1B7237E2726001FFA1A /* Info.plist */ = {isa = PBXFileReference; lastKnownFileType = text.plist.xml; path = Info.plist; sourceTree = "<group>"; };
		A85BC1C1237E276C001FFA1A /* Mimic.swift */ = {isa = PBXFileReference; fileEncoding = 4; lastKnownFileType = sourcecode.swift; path = Mimic.swift; sourceTree = "<group>"; };
		A85BC1C2237E276D001FFA1A /* MimicProtocol.swift */ = {isa = PBXFileReference; fileEncoding = 4; lastKnownFileType = sourcecode.swift; path = MimicProtocol.swift; sourceTree = "<group>"; };
		A85BC1C3237E276D001FFA1A /* URLSessionConfiguration+Mimic.swift */ = {isa = PBXFileReference; fileEncoding = 4; lastKnownFileType = sourcecode.swift; path = "URLSessionConfiguration+Mimic.swift"; sourceTree = "<group>"; };
		A85BC1C4237E276D001FFA1A /* MimicObject.swift */ = {isa = PBXFileReference; fileEncoding = 4; lastKnownFileType = sourcecode.swift; path = MimicObject.swift; sourceTree = "<group>"; };
		A85BC1C5237E276D001FFA1A /* MimicContent.swift */ = {isa = PBXFileReference; fileEncoding = 4; lastKnownFileType = sourcecode.swift; path = MimicContent.swift; sourceTree = "<group>"; };
		A85BC1C6237E276D001FFA1A /* MimicHTTPMethod.swift */ = {isa = PBXFileReference; fileEncoding = 4; lastKnownFileType = sourcecode.swift; path = MimicHTTPMethod.swift; sourceTree = "<group>"; };
		A85BC1C7237E276D001FFA1A /* MimicResponseType.swift */ = {isa = PBXFileReference; fileEncoding = 4; lastKnownFileType = sourcecode.swift; path = MimicResponseType.swift; sourceTree = "<group>"; };
		A85BC1CF237E277A001FFA1A /* MimicURLConfigurationTests.swift */ = {isa = PBXFileReference; fileEncoding = 4; lastKnownFileType = sourcecode.swift; path = MimicURLConfigurationTests.swift; sourceTree = "<group>"; };
		A85BC1D0237E277A001FFA1A /* MimicProtocolTests.swift */ = {isa = PBXFileReference; fileEncoding = 4; lastKnownFileType = sourcecode.swift; path = MimicProtocolTests.swift; sourceTree = "<group>"; };
		A85BC1D2237E277A001FFA1A /* MimicContentTests.swift */ = {isa = PBXFileReference; fileEncoding = 4; lastKnownFileType = sourcecode.swift; path = MimicContentTests.swift; sourceTree = "<group>"; };
		A85BC1D3237E277A001FFA1A /* MimicWildCardTests.swift */ = {isa = PBXFileReference; fileEncoding = 4; lastKnownFileType = sourcecode.swift; path = MimicWildCardTests.swift; sourceTree = "<group>"; };
		A85BC1D4237E277A001FFA1A /* MimicObjectTests.swift */ = {isa = PBXFileReference; fileEncoding = 4; lastKnownFileType = sourcecode.swift; path = MimicObjectTests.swift; sourceTree = "<group>"; };
		A85BC1D5237E277A001FFA1A /* MimicHTTPMethodTests.swift */ = {isa = PBXFileReference; fileEncoding = 4; lastKnownFileType = sourcecode.swift; path = MimicHTTPMethodTests.swift; sourceTree = "<group>"; };
		A85BC1D6237E277A001FFA1A /* MimicsRandomizeTests.swift */ = {isa = PBXFileReference; fileEncoding = 4; lastKnownFileType = sourcecode.swift; path = MimicsRandomizeTests.swift; sourceTree = "<group>"; };
/* End PBXFileReference section */

/* Begin PBXFrameworksBuildPhase section */
		A85BC1A4237E2725001FFA1A /* Frameworks */ = {
			isa = PBXFrameworksBuildPhase;
			buildActionMask = 2147483647;
			files = (
			);
			runOnlyForDeploymentPostprocessing = 0;
		};
		A85BC1AD237E2726001FFA1A /* Frameworks */ = {
			isa = PBXFrameworksBuildPhase;
			buildActionMask = 2147483647;
			files = (
				A85BC1B1237E2726001FFA1A /* Mimic.framework in Frameworks */,
			);
			runOnlyForDeploymentPostprocessing = 0;
		};
/* End PBXFrameworksBuildPhase section */

/* Begin PBXGroup section */
		A85BC19D237E2725001FFA1A = {
			isa = PBXGroup;
			children = (
				A818ED3F237E2D9D005D0D06 /* LICENSE */,
				A818ED40237E2D9D005D0D06 /* Mimic.podspec */,
				A818ED41237E2D9D005D0D06 /* README.md */,
				A85BC1A9237E2725001FFA1A /* Mimic */,
				A85BC1B4237E2726001FFA1A /* MimicTests */,
				A85BC1A8237E2725001FFA1A /* Products */,
			);
			sourceTree = "<group>";
		};
		A85BC1A8237E2725001FFA1A /* Products */ = {
			isa = PBXGroup;
			children = (
				A85BC1A7237E2725001FFA1A /* Mimic.framework */,
				A85BC1B0237E2726001FFA1A /* MimicTests.xctest */,
			);
			name = Products;
			sourceTree = "<group>";
		};
		A85BC1A9237E2725001FFA1A /* Mimic */ = {
			isa = PBXGroup;
			children = (
				A85BC1AA237E2725001FFA1A /* Mimic.h */,
				A85BC1AB237E2725001FFA1A /* Info.plist */,
				A85BC1C1237E276C001FFA1A /* Mimic.swift */,
				A85BC1C5237E276D001FFA1A /* MimicContent.swift */,
				A85BC1C6237E276D001FFA1A /* MimicHTTPMethod.swift */,
				A85BC1C4237E276D001FFA1A /* MimicObject.swift */,
				A85BC1C2237E276D001FFA1A /* MimicProtocol.swift */,
				A85BC1C7237E276D001FFA1A /* MimicResponseType.swift */,
				A85BC1C3237E276D001FFA1A /* URLSessionConfiguration+Mimic.swift */,
			);
			path = Mimic;
			sourceTree = "<group>";
		};
		A85BC1B4237E2726001FFA1A /* MimicTests */ = {
			isa = PBXGroup;
			children = (
				A85BC1B7237E2726001FFA1A /* Info.plist */,
				A85BC1D2237E277A001FFA1A /* MimicContentTests.swift */,
				A85BC1D5237E277A001FFA1A /* MimicHTTPMethodTests.swift */,
				A85BC1D4237E277A001FFA1A /* MimicObjectTests.swift */,
				A85BC1D0237E277A001FFA1A /* MimicProtocolTests.swift */,
				A85BC1D6237E277A001FFA1A /* MimicsRandomizeTests.swift */,
				A85BC1CF237E277A001FFA1A /* MimicURLConfigurationTests.swift */,
				A85BC1D3237E277A001FFA1A /* MimicWildCardTests.swift */,
				A8361A5C23DB3FFA00522C7E /* MimicTests.swift */,
			);
			path = MimicTests;
			sourceTree = "<group>";
		};
/* End PBXGroup section */

/* Begin PBXHeadersBuildPhase section */
		A85BC1A2237E2725001FFA1A /* Headers */ = {
			isa = PBXHeadersBuildPhase;
			buildActionMask = 2147483647;
			files = (
				A85BC1B8237E2726001FFA1A /* Mimic.h in Headers */,
			);
			runOnlyForDeploymentPostprocessing = 0;
		};
/* End PBXHeadersBuildPhase section */

/* Begin PBXNativeTarget section */
		A85BC1A6237E2725001FFA1A /* Mimic */ = {
			isa = PBXNativeTarget;
			buildConfigurationList = A85BC1BB237E2726001FFA1A /* Build configuration list for PBXNativeTarget "Mimic" */;
			buildPhases = (
				A85BC1A2237E2725001FFA1A /* Headers */,
				A85BC1A3237E2725001FFA1A /* Sources */,
				A85BC1A4237E2725001FFA1A /* Frameworks */,
				A85BC1A5237E2725001FFA1A /* Resources */,
			);
			buildRules = (
			);
			dependencies = (
			);
			name = Mimic;
			productName = Mimic;
			productReference = A85BC1A7237E2725001FFA1A /* Mimic.framework */;
			productType = "com.apple.product-type.framework";
		};
		A85BC1AF237E2726001FFA1A /* MimicTests */ = {
			isa = PBXNativeTarget;
			buildConfigurationList = A85BC1BE237E2726001FFA1A /* Build configuration list for PBXNativeTarget "MimicTests" */;
			buildPhases = (
				A85BC1AC237E2726001FFA1A /* Sources */,
				A85BC1AD237E2726001FFA1A /* Frameworks */,
				A85BC1AE237E2726001FFA1A /* Resources */,
			);
			buildRules = (
			);
			dependencies = (
				A85BC1B3237E2726001FFA1A /* PBXTargetDependency */,
			);
			name = MimicTests;
			productName = MimicTests;
			productReference = A85BC1B0237E2726001FFA1A /* MimicTests.xctest */;
			productType = "com.apple.product-type.bundle.unit-test";
		};
/* End PBXNativeTarget section */

/* Begin PBXProject section */
		A85BC19E237E2725001FFA1A /* Project object */ = {
			isa = PBXProject;
			attributes = {
				LastSwiftUpdateCheck = 1030;
				LastUpgradeCheck = 1030;
				ORGANIZATIONNAME = "Felipe Ruz";
				TargetAttributes = {
					A85BC1A6237E2725001FFA1A = {
						CreatedOnToolsVersion = 10.3;
						LastSwiftMigration = 1030;
					};
					A85BC1AF237E2726001FFA1A = {
						CreatedOnToolsVersion = 10.3;
					};
				};
			};
			buildConfigurationList = A85BC1A1237E2725001FFA1A /* Build configuration list for PBXProject "Mimic" */;
			compatibilityVersion = "Xcode 9.3";
			developmentRegion = en;
			hasScannedForEncodings = 0;
			knownRegions = (
				en,
			);
			mainGroup = A85BC19D237E2725001FFA1A;
			productRefGroup = A85BC1A8237E2725001FFA1A /* Products */;
			projectDirPath = "";
			projectRoot = "";
			targets = (
				A85BC1A6237E2725001FFA1A /* Mimic */,
				A85BC1AF237E2726001FFA1A /* MimicTests */,
			);
		};
/* End PBXProject section */

/* Begin PBXResourcesBuildPhase section */
		A85BC1A5237E2725001FFA1A /* Resources */ = {
			isa = PBXResourcesBuildPhase;
			buildActionMask = 2147483647;
			files = (
				A818ED44237E2D9D005D0D06 /* README.md in Resources */,
				A818ED43237E2D9D005D0D06 /* Mimic.podspec in Resources */,
				A818ED42237E2D9D005D0D06 /* LICENSE in Resources */,
			);
			runOnlyForDeploymentPostprocessing = 0;
		};
		A85BC1AE237E2726001FFA1A /* Resources */ = {
			isa = PBXResourcesBuildPhase;
			buildActionMask = 2147483647;
			files = (
			);
			runOnlyForDeploymentPostprocessing = 0;
		};
/* End PBXResourcesBuildPhase section */

/* Begin PBXSourcesBuildPhase section */
		A85BC1A3237E2725001FFA1A /* Sources */ = {
			isa = PBXSourcesBuildPhase;
			buildActionMask = 2147483647;
			files = (
				A85BC1CE237E276D001FFA1A /* MimicResponseType.swift in Sources */,
				A85BC1C8237E276D001FFA1A /* Mimic.swift in Sources */,
				A85BC1C9237E276D001FFA1A /* MimicProtocol.swift in Sources */,
				A85BC1CD237E276D001FFA1A /* MimicHTTPMethod.swift in Sources */,
				A85BC1CB237E276D001FFA1A /* MimicObject.swift in Sources */,
				A85BC1CA237E276D001FFA1A /* URLSessionConfiguration+Mimic.swift in Sources */,
				A85BC1CC237E276D001FFA1A /* MimicContent.swift in Sources */,
			);
			runOnlyForDeploymentPostprocessing = 0;
		};
		A85BC1AC237E2726001FFA1A /* Sources */ = {
			isa = PBXSourcesBuildPhase;
			buildActionMask = 2147483647;
			files = (
				A85BC1DD237E277A001FFA1A /* MimicHTTPMethodTests.swift in Sources */,
				A85BC1D7237E277A001FFA1A /* MimicURLConfigurationTests.swift in Sources */,
				A85BC1DA237E277A001FFA1A /* MimicContentTests.swift in Sources */,
				A85BC1DE237E277A001FFA1A /* MimicsRandomizeTests.swift in Sources */,
				A85BC1DB237E277A001FFA1A /* MimicWildCardTests.swift in Sources */,
				A8361A5D23DB3FFA00522C7E /* MimicTests.swift in Sources */,
				A85BC1D8237E277A001FFA1A /* MimicProtocolTests.swift in Sources */,
				A85BC1DC237E277A001FFA1A /* MimicObjectTests.swift in Sources */,
			);
			runOnlyForDeploymentPostprocessing = 0;
		};
/* End PBXSourcesBuildPhase section */

/* Begin PBXTargetDependency section */
		A85BC1B3237E2726001FFA1A /* PBXTargetDependency */ = {
			isa = PBXTargetDependency;
			target = A85BC1A6237E2725001FFA1A /* Mimic */;
			targetProxy = A85BC1B2237E2726001FFA1A /* PBXContainerItemProxy */;
		};
/* End PBXTargetDependency section */

/* Begin XCBuildConfiguration section */
		A85BC1B9237E2726001FFA1A /* Debug */ = {
			isa = XCBuildConfiguration;
			buildSettings = {
				ALWAYS_SEARCH_USER_PATHS = NO;
				CLANG_ANALYZER_NONNULL = YES;
				CLANG_ANALYZER_NUMBER_OBJECT_CONVERSION = YES_AGGRESSIVE;
				CLANG_CXX_LANGUAGE_STANDARD = "gnu++14";
				CLANG_CXX_LIBRARY = "libc++";
				CLANG_ENABLE_MODULES = YES;
				CLANG_ENABLE_OBJC_ARC = YES;
				CLANG_ENABLE_OBJC_WEAK = YES;
				CLANG_WARN_BLOCK_CAPTURE_AUTORELEASING = YES;
				CLANG_WARN_BOOL_CONVERSION = YES;
				CLANG_WARN_COMMA = YES;
				CLANG_WARN_CONSTANT_CONVERSION = YES;
				CLANG_WARN_DEPRECATED_OBJC_IMPLEMENTATIONS = YES;
				CLANG_WARN_DIRECT_OBJC_ISA_USAGE = YES_ERROR;
				CLANG_WARN_DOCUMENTATION_COMMENTS = YES;
				CLANG_WARN_EMPTY_BODY = YES;
				CLANG_WARN_ENUM_CONVERSION = YES;
				CLANG_WARN_INFINITE_RECURSION = YES;
				CLANG_WARN_INT_CONVERSION = YES;
				CLANG_WARN_NON_LITERAL_NULL_CONVERSION = YES;
				CLANG_WARN_OBJC_IMPLICIT_RETAIN_SELF = YES;
				CLANG_WARN_OBJC_LITERAL_CONVERSION = YES;
				CLANG_WARN_OBJC_ROOT_CLASS = YES_ERROR;
				CLANG_WARN_RANGE_LOOP_ANALYSIS = YES;
				CLANG_WARN_STRICT_PROTOTYPES = YES;
				CLANG_WARN_SUSPICIOUS_MOVE = YES;
				CLANG_WARN_UNGUARDED_AVAILABILITY = YES_AGGRESSIVE;
				CLANG_WARN_UNREACHABLE_CODE = YES;
				CLANG_WARN__DUPLICATE_METHOD_MATCH = YES;
				CODE_SIGN_IDENTITY = "iPhone Developer";
				COPY_PHASE_STRIP = NO;
				CURRENT_PROJECT_VERSION = 1;
				DEBUG_INFORMATION_FORMAT = dwarf;
				ENABLE_STRICT_OBJC_MSGSEND = YES;
				ENABLE_TESTABILITY = YES;
				GCC_C_LANGUAGE_STANDARD = gnu11;
				GCC_DYNAMIC_NO_PIC = NO;
				GCC_NO_COMMON_BLOCKS = YES;
				GCC_OPTIMIZATION_LEVEL = 0;
				GCC_PREPROCESSOR_DEFINITIONS = (
					"DEBUG=1",
					"$(inherited)",
				);
				GCC_WARN_64_TO_32_BIT_CONVERSION = YES;
				GCC_WARN_ABOUT_RETURN_TYPE = YES_ERROR;
				GCC_WARN_UNDECLARED_SELECTOR = YES;
				GCC_WARN_UNINITIALIZED_AUTOS = YES_AGGRESSIVE;
				GCC_WARN_UNUSED_FUNCTION = YES;
				GCC_WARN_UNUSED_VARIABLE = YES;
				IPHONEOS_DEPLOYMENT_TARGET = 12.4;
				MTL_ENABLE_DEBUG_INFO = INCLUDE_SOURCE;
				MTL_FAST_MATH = YES;
				ONLY_ACTIVE_ARCH = YES;
				SDKROOT = iphoneos;
				SWIFT_ACTIVE_COMPILATION_CONDITIONS = DEBUG;
				SWIFT_OPTIMIZATION_LEVEL = "-Onone";
				VERSIONING_SYSTEM = "apple-generic";
				VERSION_INFO_PREFIX = "";
			};
			name = Debug;
		};
		A85BC1BA237E2726001FFA1A /* Release */ = {
			isa = XCBuildConfiguration;
			buildSettings = {
				ALWAYS_SEARCH_USER_PATHS = NO;
				CLANG_ANALYZER_NONNULL = YES;
				CLANG_ANALYZER_NUMBER_OBJECT_CONVERSION = YES_AGGRESSIVE;
				CLANG_CXX_LANGUAGE_STANDARD = "gnu++14";
				CLANG_CXX_LIBRARY = "libc++";
				CLANG_ENABLE_MODULES = YES;
				CLANG_ENABLE_OBJC_ARC = YES;
				CLANG_ENABLE_OBJC_WEAK = YES;
				CLANG_WARN_BLOCK_CAPTURE_AUTORELEASING = YES;
				CLANG_WARN_BOOL_CONVERSION = YES;
				CLANG_WARN_COMMA = YES;
				CLANG_WARN_CONSTANT_CONVERSION = YES;
				CLANG_WARN_DEPRECATED_OBJC_IMPLEMENTATIONS = YES;
				CLANG_WARN_DIRECT_OBJC_ISA_USAGE = YES_ERROR;
				CLANG_WARN_DOCUMENTATION_COMMENTS = YES;
				CLANG_WARN_EMPTY_BODY = YES;
				CLANG_WARN_ENUM_CONVERSION = YES;
				CLANG_WARN_INFINITE_RECURSION = YES;
				CLANG_WARN_INT_CONVERSION = YES;
				CLANG_WARN_NON_LITERAL_NULL_CONVERSION = YES;
				CLANG_WARN_OBJC_IMPLICIT_RETAIN_SELF = YES;
				CLANG_WARN_OBJC_LITERAL_CONVERSION = YES;
				CLANG_WARN_OBJC_ROOT_CLASS = YES_ERROR;
				CLANG_WARN_RANGE_LOOP_ANALYSIS = YES;
				CLANG_WARN_STRICT_PROTOTYPES = YES;
				CLANG_WARN_SUSPICIOUS_MOVE = YES;
				CLANG_WARN_UNGUARDED_AVAILABILITY = YES_AGGRESSIVE;
				CLANG_WARN_UNREACHABLE_CODE = YES;
				CLANG_WARN__DUPLICATE_METHOD_MATCH = YES;
				CODE_SIGN_IDENTITY = "iPhone Developer";
				COPY_PHASE_STRIP = NO;
				CURRENT_PROJECT_VERSION = 1;
				DEBUG_INFORMATION_FORMAT = "dwarf-with-dsym";
				ENABLE_NS_ASSERTIONS = NO;
				ENABLE_STRICT_OBJC_MSGSEND = YES;
				GCC_C_LANGUAGE_STANDARD = gnu11;
				GCC_NO_COMMON_BLOCKS = YES;
				GCC_WARN_64_TO_32_BIT_CONVERSION = YES;
				GCC_WARN_ABOUT_RETURN_TYPE = YES_ERROR;
				GCC_WARN_UNDECLARED_SELECTOR = YES;
				GCC_WARN_UNINITIALIZED_AUTOS = YES_AGGRESSIVE;
				GCC_WARN_UNUSED_FUNCTION = YES;
				GCC_WARN_UNUSED_VARIABLE = YES;
				IPHONEOS_DEPLOYMENT_TARGET = 12.4;
				MTL_ENABLE_DEBUG_INFO = NO;
				MTL_FAST_MATH = YES;
				SDKROOT = iphoneos;
				SWIFT_COMPILATION_MODE = wholemodule;
				SWIFT_OPTIMIZATION_LEVEL = "-O";
				VALIDATE_PRODUCT = YES;
				VERSIONING_SYSTEM = "apple-generic";
				VERSION_INFO_PREFIX = "";
			};
			name = Release;
		};
		A85BC1BC237E2726001FFA1A /* Debug */ = {
			isa = XCBuildConfiguration;
			buildSettings = {
				CLANG_ENABLE_MODULES = YES;
				CODE_SIGN_IDENTITY = "";
				CODE_SIGN_STYLE = Automatic;
				DEFINES_MODULE = YES;
				DEVELOPMENT_TEAM = 2D3TXVT8E8;
				DYLIB_COMPATIBILITY_VERSION = 1;
				DYLIB_CURRENT_VERSION = 1;
				DYLIB_INSTALL_NAME_BASE = "@rpath";
				INFOPLIST_FILE = Mimic/Info.plist;
				INSTALL_PATH = "$(LOCAL_LIBRARY_DIR)/Frameworks";
				IPHONEOS_DEPLOYMENT_TARGET = 10.0;
				LD_RUNPATH_SEARCH_PATHS = (
					"$(inherited)",
					"@executable_path/Frameworks",
					"@loader_path/Frameworks",
				);
				ONLY_ACTIVE_ARCH = NO;
				PRODUCT_BUNDLE_IDENTIFIER = cl.fruz.Mimic;
				PRODUCT_NAME = "$(TARGET_NAME:c99extidentifier)";
				SKIP_INSTALL = YES;
				SWIFT_OPTIMIZATION_LEVEL = "-Onone";
				SWIFT_VERSION = 5.0;
				TARGETED_DEVICE_FAMILY = "1,2";
			};
			name = Debug;
		};
		A85BC1BD237E2726001FFA1A /* Release */ = {
			isa = XCBuildConfiguration;
			buildSettings = {
				CLANG_ENABLE_MODULES = YES;
				CODE_SIGN_IDENTITY = "";
				CODE_SIGN_STYLE = Automatic;
				DEFINES_MODULE = YES;
				DEVELOPMENT_TEAM = 2D3TXVT8E8;
				DYLIB_COMPATIBILITY_VERSION = 1;
				DYLIB_CURRENT_VERSION = 1;
				DYLIB_INSTALL_NAME_BASE = "@rpath";
				INFOPLIST_FILE = Mimic/Info.plist;
				INSTALL_PATH = "$(LOCAL_LIBRARY_DIR)/Frameworks";
				IPHONEOS_DEPLOYMENT_TARGET = 10.0;
				LD_RUNPATH_SEARCH_PATHS = (
					"$(inherited)",
					"@executable_path/Frameworks",
					"@loader_path/Frameworks",
				);
				PRODUCT_BUNDLE_IDENTIFIER = cl.fruz.Mimic;
				PRODUCT_NAME = "$(TARGET_NAME:c99extidentifier)";
				SKIP_INSTALL = YES;
				SWIFT_VERSION = 5.0;
				TARGETED_DEVICE_FAMILY = "1,2";
			};
			name = Release;
		};
		A85BC1BF237E2726001FFA1A /* Debug */ = {
			isa = XCBuildConfiguration;
			buildSettings = {
				ALWAYS_EMBED_SWIFT_STANDARD_LIBRARIES = YES;
				CODE_SIGN_STYLE = Automatic;
				DEVELOPMENT_TEAM = 2D3TXVT8E8;
				INFOPLIST_FILE = MimicTests/Info.plist;
				LD_RUNPATH_SEARCH_PATHS = (
					"$(inherited)",
					"@executable_path/Frameworks",
					"@loader_path/Frameworks",
				);
				PRODUCT_BUNDLE_IDENTIFIER = cl.fruz.MimicTests;
				PRODUCT_NAME = "$(TARGET_NAME)";
				SWIFT_VERSION = 5.0;
				TARGETED_DEVICE_FAMILY = "1,2";
			};
			name = Debug;
		};
		A85BC1C0237E2726001FFA1A /* Release */ = {
			isa = XCBuildConfiguration;
			buildSettings = {
				ALWAYS_EMBED_SWIFT_STANDARD_LIBRARIES = YES;
				CODE_SIGN_STYLE = Automatic;
				DEVELOPMENT_TEAM = 2D3TXVT8E8;
				INFOPLIST_FILE = MimicTests/Info.plist;
				LD_RUNPATH_SEARCH_PATHS = (
					"$(inherited)",
					"@executable_path/Frameworks",
					"@loader_path/Frameworks",
				);
				PRODUCT_BUNDLE_IDENTIFIER = cl.fruz.MimicTests;
				PRODUCT_NAME = "$(TARGET_NAME)";
				SWIFT_VERSION = 5.0;
				TARGETED_DEVICE_FAMILY = "1,2";
			};
			name = Release;
		};
/* End XCBuildConfiguration section */

/* Begin XCConfigurationList section */
		A85BC1A1237E2725001FFA1A /* Build configuration list for PBXProject "Mimic" */ = {
			isa = XCConfigurationList;
			buildConfigurations = (
				A85BC1B9237E2726001FFA1A /* Debug */,
				A85BC1BA237E2726001FFA1A /* Release */,
			);
			defaultConfigurationIsVisible = 0;
			defaultConfigurationName = Release;
		};
		A85BC1BB237E2726001FFA1A /* Build configuration list for PBXNativeTarget "Mimic" */ = {
			isa = XCConfigurationList;
			buildConfigurations = (
				A85BC1BC237E2726001FFA1A /* Debug */,
				A85BC1BD237E2726001FFA1A /* Release */,
			);
			defaultConfigurationIsVisible = 0;
			defaultConfigurationName = Release;
		};
		A85BC1BE237E2726001FFA1A /* Build configuration list for PBXNativeTarget "MimicTests" */ = {
			isa = XCConfigurationList;
			buildConfigurations = (
				A85BC1BF237E2726001FFA1A /* Debug */,
				A85BC1C0237E2726001FFA1A /* Release */,
			);
			defaultConfigurationIsVisible = 0;
			defaultConfigurationName = Release;
		};
/* End XCConfigurationList section */
	};
	rootObject = A85BC19E237E2725001FFA1A /* Project object */;
}
